
Microsoft Visual Studio Solution File, Format Version 12.00
# Visual Studio Version 17
VisualStudioVersion = 17.8.34511.84
MinimumVisualStudioVersion = 10.0.40219.1
Project("{FAE04EC0-301F-11D3-BF4B-00C04F79EFBC}") = "RealEstateApp.API", "RealEstateApp.API\RealEstateApp.API.csproj", "{253C762C-65F1-4394-A935-DE3B40D07DDE}"
EndProject
Global
	GlobalSection(SolutionConfigurationPlatforms) = preSolution
		Debug|Any CPU = Debug|Any CPU
		Release|Any CPU = Release|Any CPU
	EndGlobalSection
	GlobalSection(ProjectConfigurationPlatforms) = postSolution
		{253C762C-65F1-4394-A935-DE3B40D07DDE}.Debug|Any CPU.ActiveCfg = Debug|Any CPU
		{253C762C-65F1-4394-A935-DE3B40D07DDE}.Debug|Any CPU.Build.0 = Debug|Any CPU
		{253C762C-65F1-4394-A935-DE3B40D07DDE}.Release|Any CPU.ActiveCfg = Release|Any CPU
		{253C762C-65F1-4394-A935-DE3B40D07DDE}.Release|Any CPU.Build.0 = Release|Any CPU
	EndGlobalSection
	GlobalSection(SolutionProperties) = preSolution
		HideSolutionNode = FALSE
	EndGlobalSection
	GlobalSection(ExtensibilityGlobals) = postSolution
		SolutionGuid = {A7F54B42-F54D-488C-B946-E7C0C5C8FC47}
	EndGlobalSection
EndGlobal
